
Microsoft Visual Studio Solution File, Format Version 12.00
# Visual Studio Version 17
VisualStudioVersion = 17.8.34309.116
MinimumVisualStudioVersion = 10.0.40219.1
Project("{FAE04EC0-301F-11D3-BF4B-00C04F79EFBC}") = "ProniaUltimate", "ProniaUltimate\ProniaUltimate.csproj", "{0BFD9D64-8658-490C-A65D-1AA730B412A2}"
EndProject
Global
	GlobalSection(SolutionConfigurationPlatforms) = preSolution
		Debug|Any CPU = Debug|Any CPU
		Release|Any CPU = Release|Any CPU
	EndGlobalSection
	GlobalSection(ProjectConfigurationPlatforms) = postSolution
		{0BFD9D64-8658-490C-A65D-1AA730B412A2}.Debug|Any CPU.ActiveCfg = Debug|Any CPU
		{0BFD9D64-8658-490C-A65D-1AA730B412A2}.Debug|Any CPU.Build.0 = Debug|Any CPU
		{0BFD9D64-8658-490C-A65D-1AA730B412A2}.Release|Any CPU.ActiveCfg = Release|Any CPU
		{0BFD9D64-8658-490C-A65D-1AA730B412A2}.Release|Any CPU.Build.0 = Release|Any CPU
	EndGlobalSection
	GlobalSection(SolutionProperties) = preSolution
		HideSolutionNode = FALSE
	EndGlobalSection
	GlobalSection(ExtensibilityGlobals) = postSolution
		SolutionGuid = {5AD9CB05-A9D1-4F85-92FC-1809B2C00DD5}
	EndGlobalSection
EndGlobal
